
Microsoft Visual Studio Solution File, Format Version 12.00
# Visual Studio Version 17
VisualStudioVersion = 17.10.34916.146
MinimumVisualStudioVersion = 10.0.40219.1
Project("{FAE04EC0-301F-11D3-BF4B-00C04F79EFBC}") = "MuscatMover", "MuscatMover\MuscatMover.csproj", "{B62B1F44-B802-4784-8C88-A5FD8A38F994}"
EndProject
Global
	GlobalSection(SolutionConfigurationPlatforms) = preSolution
		Debug|Any CPU = Debug|Any CPU
		Release|Any CPU = Release|Any CPU
	EndGlobalSection
	GlobalSection(ProjectConfigurationPlatforms) = postSolution
		{B62B1F44-B802-4784-8C88-A5FD8A38F994}.Debug|Any CPU.ActiveCfg = Debug|Any CPU
		{B62B1F44-B802-4784-8C88-A5FD8A38F994}.Debug|Any CPU.Build.0 = Debug|Any CPU
		{B62B1F44-B802-4784-8C88-A5FD8A38F994}.Release|Any CPU.ActiveCfg = Release|Any CPU
		{B62B1F44-B802-4784-8C88-A5FD8A38F994}.Release|Any CPU.Build.0 = Release|Any CPU
	EndGlobalSection
	GlobalSection(SolutionProperties) = preSolution
		HideSolutionNode = FALSE
	EndGlobalSection
	GlobalSection(ExtensibilityGlobals) = postSolution
		SolutionGuid = {BB3B92C2-56D7-43C2-A949-C85FE6E7E4DC}
	EndGlobalSection
EndGlobal
